
Microsoft Visual Studio Solution File, Format Version 12.00
# Visual Studio Version 16
VisualStudioVersion = 16.0.30717.126
MinimumVisualStudioVersion = 10.0.40219.1
Project("{FAE04EC0-301F-11D3-BF4B-00C04F79EFBC}") = "IO.Swagger", "API\src\IO.Swagger\IO.Swagger.csproj", "{081587E0-F569-4FAB-8C6C-AD3B8C07D53C}"
EndProject
Project("{9A19103F-16F7-4668-BE54-9A1E7A4F7556}") = "FormTestClient", "TestClient\FormTestClient.csproj", "{CE6F3C8A-65EE-48B7-AD30-CF21CD831A40}"
EndProject
Global
	GlobalSection(SolutionConfigurationPlatforms) = preSolution
		Debug|Any CPU = Debug|Any CPU
		Release|Any CPU = Release|Any CPU
	EndGlobalSection
	GlobalSection(ProjectConfigurationPlatforms) = postSolution
		{081587E0-F569-4FAB-8C6C-AD3B8C07D53C}.Debug|Any CPU.ActiveCfg = Debug|Any CPU
		{081587E0-F569-4FAB-8C6C-AD3B8C07D53C}.Debug|Any CPU.Build.0 = Debug|Any CPU
		{081587E0-F569-4FAB-8C6C-AD3B8C07D53C}.Release|Any CPU.ActiveCfg = Release|Any CPU
		{081587E0-F569-4FAB-8C6C-AD3B8C07D53C}.Release|Any CPU.Build.0 = Release|Any CPU
		{CE6F3C8A-65EE-48B7-AD30-CF21CD831A40}.Debug|Any CPU.ActiveCfg = Debug|Any CPU
		{CE6F3C8A-65EE-48B7-AD30-CF21CD831A40}.Debug|Any CPU.Build.0 = Debug|Any CPU
		{CE6F3C8A-65EE-48B7-AD30-CF21CD831A40}.Release|Any CPU.ActiveCfg = Release|Any CPU
		{CE6F3C8A-65EE-48B7-AD30-CF21CD831A40}.Release|Any CPU.Build.0 = Release|Any CPU
	EndGlobalSection
	GlobalSection(SolutionProperties) = preSolution
		HideSolutionNode = FALSE
	EndGlobalSection
	GlobalSection(ExtensibilityGlobals) = postSolution
		SolutionGuid = {98459295-3504-4D24-B7FB-F61359FF65AD}
	EndGlobalSection
EndGlobal
